{
  "requires": true,
  "lockfileVersion": 1,
  "dependencies": {
    "@nuxtjs/dotenv": {
      "version": "1.3.0",
      "resolved": "https://registry.npmjs.org/@nuxtjs/dotenv/-/dotenv-1.3.0.tgz",
      "integrity": "sha512-gRs/NZJip+bame83Z4cQxMrMlVl0UjtXgM9TDIC37kLjUGbsvj/XJjAUbYgvubE1qtsc/PaNTaYXj5H73rpO/A==",
      "requires": {
        "dotenv": "^6.0.0"
      }
    },
    "dotenv": {
      "version": "6.2.0",
      "resolved": "https://registry.npmjs.org/dotenv/-/dotenv-6.2.0.tgz",
      "integrity": "sha512-HygQCKUBSFl8wKQZBSemMywRWcEDNidvNbjGVyZu3nbZ8qq9ubiPoGLMdRDpfSrpkkm9BXYFkpKxxFX38o/76w=="
    }
  }
}
